
Microsoft Visual Studio Solution File, Format Version 12.00
# Visual Studio Version 17
VisualStudioVersion = 17.3.32929.385
MinimumVisualStudioVersion = 10.0.40219.1
Project("{9A19103F-16F7-4668-BE54-9A1E7A4F7556}") = "pizza_mama", "pizza_mama\pizza_mama.csproj", "{97B48DB5-0F3F-41DC-8845-6F3F53A4D015}"
EndProject
Global
	GlobalSection(SolutionConfigurationPlatforms) = preSolution
		Debug|Any CPU = Debug|Any CPU
		Release|Any CPU = Release|Any CPU
	EndGlobalSection
	GlobalSection(ProjectConfigurationPlatforms) = postSolution
		{97B48DB5-0F3F-41DC-8845-6F3F53A4D015}.Debug|Any CPU.ActiveCfg = Debug|Any CPU
		{97B48DB5-0F3F-41DC-8845-6F3F53A4D015}.Debug|Any CPU.Build.0 = Debug|Any CPU
		{97B48DB5-0F3F-41DC-8845-6F3F53A4D015}.Release|Any CPU.ActiveCfg = Release|Any CPU
		{97B48DB5-0F3F-41DC-8845-6F3F53A4D015}.Release|Any CPU.Build.0 = Release|Any CPU
	EndGlobalSection
	GlobalSection(SolutionProperties) = preSolution
		HideSolutionNode = FALSE
	EndGlobalSection
	GlobalSection(ExtensibilityGlobals) = postSolution
		SolutionGuid = {62258412-25E7-4E66-B7FC-314F4C8634FA}
	EndGlobalSection
EndGlobal
